PODS:
  - Alamofire (5.4.4)
  - AppAuth (1.4.0):
    - AppAuth/Core (= 1.4.0)
    - AppAuth/ExternalUserAgent (= 1.4.0)
  - AppAuth/Core (1.4.0)
  - AppAuth/ExternalUserAgent (1.4.0)
  - cloud_firestore (2.5.4):
    - Firebase/Firestore (= 8.9.0)
    - firebase_core
    - Flutter
  - cloud_functions (3.1.0):
    - Firebase/Functions (= 8.9.0)
    - firebase_core
    - Flutter
  - device_info_plus (0.0.1):
    - Flutter
  - FBAEMKit (12.0.2):
    - FBSDKCoreKit_Basics (= 12.0.2)
  - FBSDKCoreKit (12.0.2):
    - FBAEMKit (= 12.0.2)
    - FBSDKCoreKit_Basics (= 12.0.2)
  - FBSDKCoreKit_Basics (12.0.2)
  - FBSDKLoginKit (12.0.2):
    - FBSDKCoreKit (= 12.0.2)
  - Firebase/Analytics (8.9.0):
    - Firebase/Core
  - Firebase/Auth (8.9.0):
    - Firebase/CoreOnly
    - FirebaseAuth (~> 8.9.0)
  - Firebase/Core (8.9.0):
    - Firebase/CoreOnly
    - FirebaseAnalytics (~> 8.9.0)
  - Firebase/CoreOnly (8.9.0):
    - FirebaseCore (= 8.9.0)
  - Firebase/Crashlytics (8.9.0):
    - Firebase/CoreOnly
    - FirebaseCrashlytics (~> 8.9.0)
  - Firebase/Firestore (8.9.0):
    - Firebase/CoreOnly
    - FirebaseFirestore (~> 8.9.0)
  - Firebase/Functions (8.9.0):
    - Firebase/CoreOnly
    - FirebaseFunctions (~> 8.9.0)
  - Firebase/Storage (8.9.0):
    - Firebase/CoreOnly
    - FirebaseStorage (~> 8.9.0)
  - firebase_analytics (8.3.4):
    - Firebase/Analytics (= 8.9.0)
    - firebase_core
    - Flutter
  - firebase_auth (3.2.0):
    - Firebase/Auth (= 8.9.0)
    - firebase_core
    - Flutter
  - firebase_core (1.10.0):
    - Firebase/CoreOnly (= 8.9.0)
    - Flutter
  - firebase_crashlytics (2.3.0):
    - Firebase/Crashlytics (= 8.9.0)
    - firebase_core
    - Flutter
  - firebase_storage (10.1.0):
    - Firebase/Storage (= 8.9.0)
    - firebase_core
    - Flutter
  - FirebaseAnalytics (8.9.1):
    - FirebaseAnalytics/AdIdSupport (= 8.9.1)
    - FirebaseCore (~> 8.0)
    - FirebaseInstallations (~> 8.0)
    - GoogleUtilities/AppDelegateSwizzler (~> 7.6)
    - GoogleUtilities/MethodSwizzler (~> 7.6)
    - GoogleUtilities/Network (~> 7.6)
    - "GoogleUtilities/NSData+zlib (~> 7.6)"
    - nanopb (~> 2.30908.0)
  - FirebaseAnalytics/AdIdSupport (8.9.1):
    - FirebaseCore (~> 8.0)
    - FirebaseInstallations (~> 8.0)
    - GoogleAppMeasurement (= 8.9.1)
    - GoogleUtilities/AppDelegateSwizzler (~> 7.6)
    - GoogleUtilities/MethodSwizzler (~> 7.6)
    - GoogleUtilities/Network (~> 7.6)
    - "GoogleUtilities/NSData+zlib (~> 7.6)"
    - nanopb (~> 2.30908.0)
  - FirebaseAuth (8.9.0):
    - FirebaseCore (~> 8.0)
    - GoogleUtilities/AppDelegateSwizzler (~> 7.6)
    - GoogleUtilities/Environment (~> 7.6)
    - GTMSessionFetcher/Core (~> 1.5)
  - FirebaseCore (8.9.0):
    - FirebaseCoreDiagnostics (~> 8.0)
    - GoogleUtilities/Environment (~> 7.6)
    - GoogleUtilities/Logger (~> 7.6)
  - FirebaseCoreDiagnostics (8.9.0):
    - GoogleDataTransport (~> 9.1)
    - GoogleUtilities/Environment (~> 7.6)
    - GoogleUtilities/Logger (~> 7.6)
    - nanopb (~> 2.30908.0)
  - FirebaseCrashlytics (8.9.0):
    - FirebaseCore (~> 8.0)
    - FirebaseInstallations (~> 8.0)
    - GoogleDataTransport (~> 9.1)
    - GoogleUtilities/Environment (~> 7.6)
    - nanopb (~> 2.30908.0)
    - PromisesObjC (< 3.0, >= 1.2)
  - FirebaseFirestore (8.9.0):
    - FirebaseFirestore/AutodetectLeveldb (= 8.9.0)
  - FirebaseFirestore/AutodetectLeveldb (8.9.0):
    - FirebaseFirestore/Base
    - FirebaseFirestore/WithLeveldb
  - FirebaseFirestore/Base (8.9.0)
  - FirebaseFirestore/WithLeveldb (8.9.0):
    - FirebaseFirestore/Base
  - FirebaseFunctions (8.9.0):
    - FirebaseCore (~> 8.0)
    - GTMSessionFetcher/Core (~> 1.5)
  - FirebaseInstallations (8.9.0):
    - FirebaseCore (~> 8.0)
    - GoogleUtilities/Environment (~> 7.6)
    - GoogleUtilities/UserDefaults (~> 7.6)
    - PromisesObjC (< 3.0, >= 1.2)
  - FirebaseStorage (8.9.0):
    - FirebaseCore (~> 8.0)
    - GTMSessionFetcher/Core (~> 1.5)
  - Flutter (1.0.0)
  - flutter_facebook_auth (3.5.3):
    - FBSDKCoreKit (~> 12.0.2)
    - FBSDKLoginKit (~> 12.0.2)
    - Flutter
  - FMDB (2.7.5):
    - FMDB/standard (= 2.7.5)
  - FMDB/standard (2.7.5)
  - google_sign_in (0.0.1):
    - Flutter
    - GoogleSignIn (~> 5.0)
  - GoogleAppMeasurement (8.9.1):
    - GoogleAppMeasurement/AdIdSupport (= 8.9.1)
    - GoogleUtilities/AppDelegateSwizzler (~> 7.6)
    - GoogleUtilities/MethodSwizzler (~> 7.6)
    - GoogleUtilities/Network (~> 7.6)
    - "GoogleUtilities/NSData+zlib (~> 7.6)"
    - nanopb (~> 2.30908.0)
  - GoogleAppMeasurement/AdIdSupport (8.9.1):
    - GoogleAppMeasurement/WithoutAdIdSupport (= 8.9.1)
    - GoogleUtilities/AppDelegateSwizzler (~> 7.6)
    - GoogleUtilities/MethodSwizzler (~> 7.6)
    - GoogleUtilities/Network (~> 7.6)
    - "GoogleUtilities/NSData+zlib (~> 7.6)"
    - nanopb (~> 2.30908.0)
  - GoogleAppMeasurement/WithoutAdIdSupport (8.9.1):
    - GoogleUtilities/AppDelegateSwizzler (~> 7.6)
    - GoogleUtilities/MethodSwizzler (~> 7.6)
    - GoogleUtilities/Network (~> 7.6)
    - "GoogleUtilities/NSData+zlib (~> 7.6)"
    - nanopb (~> 2.30908.0)
  - GoogleDataTransport (9.1.2):
    - GoogleUtilities/Environment (~> 7.2)
    - nanopb (~> 2.30908.0)
    - PromisesObjC (< 3.0, >= 1.2)
  - GoogleSignIn (5.0.2):
    - AppAuth (~> 1.2)
    - GTMAppAuth (~> 1.0)
    - GTMSessionFetcher/Core (~> 1.1)
  - GoogleUtilities/AppDelegateSwizzler (7.6.0):
    - GoogleUtilities/Environment
    - GoogleUtilities/Logger
    - GoogleUtilities/Network
  - GoogleUtilities/Environment (7.6.0):
    - PromisesObjC (< 3.0, >= 1.2)
  - GoogleUtilities/Logger (7.6.0):
    - GoogleUtilities/Environment
  - GoogleUtilities/MethodSwizzler (7.6.0):
    - GoogleUtilities/Logger
  - GoogleUtilities/Network (7.6.0):
    - GoogleUtilities/Logger
    - "GoogleUtilities/NSData+zlib"
    - GoogleUtilities/Reachability
  - "GoogleUtilities/NSData+zlib (7.6.0)"
  - GoogleUtilities/Reachability (7.6.0):
    - GoogleUtilities/Logger
  - GoogleUtilities/UserDefaults (7.6.0):
    - GoogleUtilities/Logger
  - GTMAppAuth (1.2.2):
    - AppAuth/Core (~> 1.4)
    - GTMSessionFetcher/Core (~> 1.5)
  - GTMSessionFetcher/Core (1.7.0)
  - kakao_flutter_sdk (0.8.2):
    - Flutter
  - KakaoSDKAuth (2.8.2):
    - KakaoSDKCommon (= 2.8.2)
  - KakaoSDKCommon (2.8.2):
    - KakaoSDKCommon/Common (= 2.8.2)
    - KakaoSDKCommon/Network (= 2.8.2)
  - KakaoSDKCommon/Common (2.8.2)
  - KakaoSDKCommon/Network (2.8.2):
    - Alamofire (~> 5.1)
    - KakaoSDKCommon/Common (= 2.8.2)
  - KakaoSDKUser (2.8.2):
    - KakaoSDKAuth (= 2.8.2)
  - Mixpanel-swift (3.0.0.beta.5):
    - Mixpanel-swift/Complete (= 3.0.0.beta.5)
  - Mixpanel-swift/Complete (3.0.0.beta.5)
  - mixpanel_flutter (1.3.1):
    - Flutter
    - Mixpanel-swift (= 3.0.0.beta.5)
  - nanopb (2.30908.0):
    - nanopb/decode (= 2.30908.0)
    - nanopb/encode (= 2.30908.0)
  - nanopb/decode (2.30908.0)
  - nanopb/encode (2.30908.0)
  - package_info_plus (0.4.5):
    - Flutter
  - path_provider (0.0.1):
    - Flutter
  - PromisesObjC (2.0.0)
  - shared_preferences (0.0.1):
    - Flutter
  - sign_in_with_apple (0.0.1):
    - Flutter
  - sqflite (0.0.2):
    - Flutter
    - FMDB (>= 2.7.5)
  - url_launcher (0.0.1):
    - Flutter

DEPENDENCIES:
  - cloud_firestore (from `.symlinks/plugins/cloud_firestore/ios`)
  - cloud_functions (from `.symlinks/plugins/cloud_functions/ios`)
  - device_info_plus (from `.symlinks/plugins/device_info_plus/ios`)
  - FBSDKCoreKit
  - FBSDKLoginKit
  - Firebase/Crashlytics
  - firebase_analytics (from `.symlinks/plugins/firebase_analytics/ios`)
  - firebase_auth (from `.symlinks/plugins/firebase_auth/ios`)
  - firebase_core (from `.symlinks/plugins/firebase_core/ios`)
  - firebase_crashlytics (from `.symlinks/plugins/firebase_crashlytics/ios`)
  - firebase_storage (from `.symlinks/plugins/firebase_storage/ios`)
  - FirebaseFirestore (from `https://github.com/invertase/firestore-ios-sdk-frameworks.git`, tag `8.9.0`)
  - Flutter (from `Flutter`)
  - flutter_facebook_auth (from `.symlinks/plugins/flutter_facebook_auth/ios`)
  - google_sign_in (from `.symlinks/plugins/google_sign_in/ios`)
  - kakao_flutter_sdk (from `.symlinks/plugins/kakao_flutter_sdk/ios`)
  - KakaoSDKAuth
  - KakaoSDKUser
  - mixpanel_flutter (from `.symlinks/plugins/mixpanel_flutter/ios`)
  - package_info_plus (from `.symlinks/plugins/package_info_plus/ios`)
  - path_provider (from `.symlinks/plugins/path_provider/ios`)
  - shared_preferences (from `.symlinks/plugins/shared_preferences/ios`)
  - sign_in_with_apple (from `.symlinks/plugins/sign_in_with_apple/ios`)
  - sqflite (from `.symlinks/plugins/sqflite/ios`)
  - url_launcher (from `.symlinks/plugins/url_launcher/ios`)

SPEC REPOS:
  trunk:
    - Alamofire
    - AppAuth
    - FBAEMKit
    - FBSDKCoreKit
    - FBSDKCoreKit_Basics
    - FBSDKLoginKit
    - Firebase
    - FirebaseAnalytics
    - FirebaseAuth
    - FirebaseCore
    - FirebaseCoreDiagnostics
    - FirebaseCrashlytics
    - FirebaseFunctions
    - FirebaseInstallations
    - FirebaseStorage
    - FMDB
    - GoogleAppMeasurement
    - GoogleDataTransport
    - GoogleSignIn
    - GoogleUtilities
    - GTMAppAuth
    - GTMSessionFetcher
    - KakaoSDKAuth
    - KakaoSDKCommon
    - KakaoSDKUser
    - Mixpanel-swift
    - nanopb
    - PromisesObjC

EXTERNAL SOURCES:
  cloud_firestore:
    :path: ".symlinks/plugins/cloud_firestore/ios"
  cloud_functions:
    :path: ".symlinks/plugins/cloud_functions/ios"
  device_info_plus:
    :path: ".symlinks/plugins/device_info_plus/ios"
  firebase_analytics:
    :path: ".symlinks/plugins/firebase_analytics/ios"
  firebase_auth:
    :path: ".symlinks/plugins/firebase_auth/ios"
  firebase_core:
    :path: ".symlinks/plugins/firebase_core/ios"
  firebase_crashlytics:
    :path: ".symlinks/plugins/firebase_crashlytics/ios"
  firebase_storage:
    :path: ".symlinks/plugins/firebase_storage/ios"
  FirebaseFirestore:
    :git: https://github.com/invertase/firestore-ios-sdk-frameworks.git
    :tag: 8.9.0
  Flutter:
    :path: Flutter
  flutter_facebook_auth:
    :path: ".symlinks/plugins/flutter_facebook_auth/ios"
  google_sign_in:
    :path: ".symlinks/plugins/google_sign_in/ios"
  kakao_flutter_sdk:
    :path: ".symlinks/plugins/kakao_flutter_sdk/ios"
  mixpanel_flutter:
    :path: ".symlinks/plugins/mixpanel_flutter/ios"
  package_info_plus:
    :path: ".symlinks/plugins/package_info_plus/ios"
  path_provider:
    :path: ".symlinks/plugins/path_provider/ios"
  shared_preferences:
    :path: ".symlinks/plugins/shared_preferences/ios"
  sign_in_with_apple:
    :path: ".symlinks/plugins/sign_in_with_apple/ios"
  sqflite:
    :path: ".symlinks/plugins/sqflite/ios"
  url_launcher:
    :path: ".symlinks/plugins/url_launcher/ios"

CHECKOUT OPTIONS:
  FirebaseFirestore:
    :git: https://github.com/invertase/firestore-ios-sdk-frameworks.git
    :tag: 8.9.0

SPEC CHECKSUMS:
  Alamofire: f3b09a368f1582ab751b3fff5460276e0d2cf5c9
  AppAuth: 31bcec809a638d7bd2f86ea8a52bd45f6e81e7c7
  cloud_firestore: 0c744725c0d1544d77db2c8eb35ef919cb19a176
  cloud_functions: e7c23b62967917c4eb47911b90f798c4415ad0d4
  device_info_plus: e5c5da33f982a436e103237c0c85f9031142abed
  FBAEMKit: c6b8ddf8371640fcd1a3b844d0f8884c8f334cea
  FBSDKCoreKit: 506c0fd1c09a3075f62be8fa36bdd921c563daa9
  FBSDKCoreKit_Basics: c0701d1634c944d60dd3c6361d66dbd0e707a456
  FBSDKLoginKit: d7c9f6ddff20d7b04c94d1f1f065dc7a441d44a0
  Firebase: 13d8d96499e2635428d5bf0ec675df21f95d9a95
  firebase_analytics: 7a7528bb2abf4ca22cff7a57bbf909dcab73e13d
  firebase_auth: 0d56cc4d105ff70d1547a7fcb10ee574ad05adf5
  firebase_core: f770e033e790657b3505f04be4cb24c482912f11
  firebase_crashlytics: ed8c1d66dc407d617cbed798f05a5d9115da7494
  firebase_storage: a3bbe618ef41930ae31da8f4691d37e4ed84f14d
  FirebaseAnalytics: 4ab446ce08a3fe52e8a4303dd997cf26276bf968
  FirebaseAuth: 2b78b2a32c07b3ecfa4970bdf1d3632b8304099b
  FirebaseCore: 599ee609343eaf4941bd188f85e3aa077ffe325b
  FirebaseCoreDiagnostics: 5daa63f1c1409d981a2d5007daa100b36eac6a34
  FirebaseCrashlytics: 40efbd81157dae307ec95612fa1328347284d2c2
  FirebaseFirestore: 7c22bff6c0e1f222920cd110e9da13a117b61fea
  FirebaseFunctions: c78ec2f93cd453f25fb5e4c694c830f7a31ab349
  FirebaseInstallations: caa7c8e0d3e2345b8829d2fa9ca1b4dfbf2fcc85
  FirebaseStorage: 452c98c31ccb40b819764bf3039426c4388d9939
  Flutter: 50d75fe2f02b26cc09d224853bb45737f8b3214a
  flutter_facebook_auth: 5638a1a8cc23016ec6f72945ba879f4482870c69
  FMDB: 2ce00b547f966261cd18927a3ddb07cb6f3db82a
  google_sign_in: c5cecea71f3be43282263550556e311c4cc03582
  GoogleAppMeasurement: 837649ad3987936c232f6717c5680216f6243d24
  GoogleDataTransport: 629c20a4d363167143f30ea78320d5a7eb8bd940
  GoogleSignIn: 7137d297ddc022a7e0aa4619c86d72c909fa7213
  GoogleUtilities: 684ee790a24f73ebb2d1d966e9711c203f2a4237
  GTMAppAuth: ad5c2b70b9a8689e1a04033c9369c4915bfcbe89
  GTMSessionFetcher: 43748f93435c2aa068b1cbe39655aaf600652e91
  kakao_flutter_sdk: 99c58edf8b0996fb735cbe9e610096555ef7472e
  KakaoSDKAuth: 2b7e6998d7028cabd037ef8d0d2f987b4eec9f89
  KakaoSDKCommon: 1b5dc1c785688bed6d6747d05f2c8e08420f09ff
  KakaoSDKUser: 937f1acc1380192d38483480d5bf01b141471829
  Mixpanel-swift: 4e367aaff204bf7262e9ed665e7b380580cc06c1
  mixpanel_flutter: 634444ba1fbab4d68f0faa8e5c231dfab344a278
  nanopb: a0ba3315591a9ae0a16a309ee504766e90db0c96
  package_info_plus: 6c92f08e1f853dc01228d6f553146438dafcd14e
  path_provider: d1e9807085df1f9cc9318206cd649dc0b76be3de
  PromisesObjC: 68159ce6952d93e17b2dfe273b8c40907db5ba58
  shared_preferences: 5033afbb22d372e15aff8ff766df9021b845f273
  sign_in_with_apple: f3bf75217ea4c2c8b91823f225d70230119b8440
  sqflite: 6d358c025f5b867b29ed92fc697fd34924e11904
  url_launcher: b6e016d912f04be9f5bf6e8e82dc599b7ba59649

PODFILE CHECKSUM: 264a14d149df6e2dd3d4e1f43b0164533d50b49f

COCOAPODS: 1.11.2
